<?xml version="1.0" encoding="utf-8"?>
<Project ToolsVersion="4.0" xmlns="http://schemas.microsoft.com/developer/msbuild/2003">
  <ItemGroup>
    <Filter Include="Source Files">
      <UniqueIdentifier>{4FC737F1-C7A5-4376-A066-2A32D752A2FF}</UniqueIdentifier>
      <Extensions>cpp;c;cc;cxx;c++;cppm;ixx;def;odl;idl;hpj;bat;asm;asmx</Extensions>
    </Filter>
    <Filter Include="Header Files">
      <UniqueIdentifier>{93995380-89BD-4b04-88EB-625FBE52EBFB}</UniqueIdentifier>
      <Extensions>h;hh;hpp;hxx;h++;hm;inl;inc;ipp;xsd</Extensions>
    </Filter>
    <Filter Include="Resource Files">
      <UniqueIdentifier>{67DA6AB6-F800-4c08-8B7A-83BB121AAD01}</UniqueIdentifier>
      <Extensions>rc;ico;cur;bmp;dlg;rc2;rct;bin;rgs;gif;jpg;jpeg;jpe;resx;tiff;tif;png;wav;mfcribbon-ms</Extensions>
    </Filter>
  </ItemGroup>
  <ItemGroup>
    <ClCompile Include="Engine\src\main.cpp">
      <Filter>Source Files</Filter>
    </ClCompile>
    <ClCompile Include="Engine\src\Engine.cpp">
      <Filter>Source Files</Filter>
    </ClCompile>
    <ClCompile Include="Engine\Logger\Log.cpp">
      <Filter>Source Files</Filter>
    </ClCompile>
    <ClCompile Include="Engine\Input\InputManager.cpp">
      <Filter>Source Files</Filter>
    </ClCompile>
    <ClCompile Include="Engine\src\pch.cpp">
      <Filter>Source Files</Filter>
    </ClCompile>
    <ClCompile Include="Engine\Window\Window.cpp">
      <Filter>Source Files</Filter>
    </ClCompile>
    <ClCompile Include="Engine\Scene\SceneManager.cpp">
      <Filter>Source Files</Filter>
    </ClCompile>
    <ClCompile Include="Engine\Scene\Scene.cpp">
      <Filter>Source Files</Filter>
    </ClCompile>
    <ClCompile Include="Engine\Graphics\Renderer\Shader.cpp">
      <Filter>Source Files</Filter>
    </ClCompile>
    <ClCompile Include="Engine\Camera\Camera.cpp">
      <Filter>Source Files</Filter>
    </ClCompile>
    <ClCompile Include="Engine\ECS\SpriteRenderer.cpp">
      <Filter>Source Files</Filter>
    </ClCompile>
    <ClCompile Include="Game\src\Application.cpp">
      <Filter>Source Files</Filter>
    </ClCompile>
    <ClCompile Include="Engine\Graphics\Texture\Texture.cpp">
      <Filter>Source Files</Filter>
    </ClCompile>
    <ClCompile Include="deps\include\stb_image\stb_image.cpp">
      <Filter>Source Files</Filter>
    </ClCompile>
    <ClCompile Include="Engine\Graphics\Renderer\IndexBuffer.cpp">
      <Filter>Source Files</Filter>
    </ClCompile>
    <ClCompile Include="Engine\Graphics\Renderer\VertexBuffer.cpp">
      <Filter>Source Files</Filter>
    </ClCompile>
    <ClCompile Include="Engine\Graphics\Renderer\RendererManager.cpp">
      <Filter>Source Files</Filter>
    </ClCompile>
    <ClCompile Include="Engine\ECS\BoxCollider.cpp">
      <Filter>Source Files</Filter>
    </ClCompile>
    <ClCompile Include="Engine\Collision\CollisionManager.cpp">
      <Filter>Source Files</Filter>
    </ClCompile>
    <ClCompile Include="Engine\Time\Time.cpp">
      <Filter>Source Files</Filter>
    </ClCompile>
    <ClCompile Include="Engine\IO\IOManager.cpp">
      <Filter>Source Files</Filter>
    </ClCompile>
    <ClCompile Include="Game\Levels\Levels.cpp">
      <Filter>Source Files</Filter>
    </ClCompile>
    <ClCompile Include="Game\Player\Player.cpp">
      <Filter>Source Files</Filter>
    </ClCompile>
    <ClCompile Include="Game\Bullet\BulletManager.cpp">
      <Filter>Source Files</Filter>
    </ClCompile>
    <ClCompile Include="Game\Bullet\Bullet.cpp">
      <Filter>Source Files</Filter>
    </ClCompile>
    <ClCompile Include="Engine\Graphics\Texture\TextureManager.cpp">
      <Filter>Source Files</Filter>
    </ClCompile>
    <ClCompile Include="Game\Zombie\Zombie.cpp">
      <Filter>Source Files</Filter>
    </ClCompile>
    <ClCompile Include="Engine\Graphics\Renderer\VertexArray.cpp">
      <Filter>Source Files</Filter>
    </ClCompile>
    <ClCompile Include="Engine\Time\Timer.cpp">
      <Filter>Source Files</Filter>
    </ClCompile>
    <ClCompile Include="Engine\ECS\ComponentManager.cpp">
      <Filter>Source Files</Filter>
    </ClCompile>
    <ClCompile Include="Engine\FSM\StateMachineManager.cpp">
      <Filter>Source Files</Filter>
    </ClCompile>
    <ClCompile Include="Engine\ECS\NavBlock.cpp">
      <Filter>Source Files</Filter>
    </ClCompile>
    <ClCompile Include="Engine\Pathfinding\PathfindingManager.cpp">
      <Filter>Source Files</Filter>
    </ClCompile>
    <ClCompile Include="Engine\Pathfinding\NavMesh.cpp">
      <Filter>Source Files</Filter>
    </ClCompile>
    <ClCompile Include="Engine\Pathfinding\AIManager.cpp">
      <Filter>Source Files</Filter>
    </ClCompile>
    <ClCompile Include="Engine\ECS\AI.cpp">
      <Filter>Source Files</Filter>
    </ClCompile>
    <ClCompile Include="Engine\ECS\ComponentManager.cpp">
      <Filter>Source Files</Filter>
    </ClCompile>
    <ClCompile Include="Engine\ECS\EntityManager.cpp">
      <Filter>Source Files</Filter>
    </ClCompile>
    <ClCompile Include="Engine\FSM\StateMachineManager.cpp">
      <Filter>Source Files</Filter>
    </ClCompile>
    <ClCompile Include="Engine\ECS\NavBlock.cpp">
      <Filter>Source Files</Filter>
    </ClCompile>
    <ClCompile Include="Engine\Pathfinding\PathfindingManager.cpp">
      <Filter>Source Files</Filter>
    </ClCompile>
    <ClCompile Include="Engine\Pathfinding\NavMesh.cpp">
      <Filter>Source Files</Filter>
    </ClCompile>
    <ClCompile Include="Game\EnemyManager\EnemyManager.cpp">
      <Filter>Source Files</Filter>
    </ClCompile>
    <ClCompile Include="Game\Gun\Gun.cpp">
      <Filter>Source Files</Filter>
    </ClCompile>
    <ClCompile Include="Engine\Collision\CollisionCallbackManager.cpp">
      <Filter>Source Files</Filter>
    </ClCompile>
    <ClCompile Include="Engine\ECS\CapsuleCollider.cpp">
      <Filter>Source Files</Filter>
    </ClCompile>
    <ClCompile Include="Game\Door\DoorTrigger.cpp">
      <Filter>Source Files</Filter>
    </ClCompile>
    <ClCompile Include="Game\Door\Door.cpp">
      <Filter>Source Files</Filter>
    </ClCompile>
    <ClCompile Include="Game\Door\DoorManager.cpp">
      <Filter>Source Files</Filter>
    </ClCompile>
    <ClCompile Include="Engine\ECS\CircleCollider.cpp">
      <Filter>Source Files</Filter>
    </ClCompile>
    <ClCompile Include="Engine\ECS\Animation.cpp">
      <Filter>Source Files</Filter>
    </ClCompile>
    <ClCompile Include="Engine\Animation\AnimationManager.cpp">
      <Filter>Source Files</Filter>
    </ClCompile>
    <ClCompile Include="Engine\Audio\AudioManager.cpp">
      <Filter>Source Files</Filter>
    </ClCompile>
    <ClCompile Include="Engine\Random\Random.cpp">
      <Filter>Source Files</Filter>
    </ClCompile>
    <ClCompile Include="Game\Player\PlayerStates.cpp">
      <Filter>Source Files</Filter>
    </ClCompile>
    <ClCompile Include="Game\Player\PlayerStateManager.cpp">
      <Filter>Source Files</Filter>
    </ClCompile>
    <ClCompile Include="Engine\Physics\PhysicsManager.cpp">
      <Filter>Source Files</Filter>
    </ClCompile>
    <ClCompile Include="Engine\ECS\ParticleEmission.cpp">
      <Filter>Source Files</Filter>
    </ClCompile>
    <ClCompile Include="Engine\ParticleSystem\ParticleManager.cpp">
      <Filter>Source Files</Filter>
    </ClCompile>
    <ClCompile Include="Engine\ECS\EntityManager.cpp">
      <Filter>Source Files</Filter>
    </ClCompile>
    <ClCompile Include="Engine\ECS\UiButton.cpp">
      <Filter>Source Files</Filter>
    </ClCompile>
    <ClCompile Include="Engine\ECS\UiSprite.cpp">
      <Filter>Source Files</Filter>
    </ClCompile>
    <ClCompile Include="Engine\UI\UiManager.cpp">
      <Filter>Source Files</Filter>
    </ClCompile>
    <ClCompile Include="Game\Challenges\ChallengeParent.cpp">
      <Filter>Source Files</Filter>
    </ClCompile>
    <ClCompile Include="Game\Challenges\ChallengeManager.cpp">
      <Filter>Source Files</Filter>
    </ClCompile>
    <ClCompile Include="Game\Challenges\WaveDefence.cpp">
      <Filter>Source Files</Filter>
    </ClCompile>
    <ClCompile Include="Game\UIManager\GameUIManager.cpp">
      <Filter>Source Files</Filter>
    </ClCompile>
    <ClCompile Include="Game\Challenges\Survive.cpp">
      <Filter>Source Files</Filter>
    </ClCompile>
  </ItemGroup>
  <ItemGroup>
    <ClInclude Include="Engine\src\Engine.h">
      <Filter>Header Files</Filter>
    </ClInclude>
    <ClInclude Include="Engine\Logger\Log.h">
      <Filter>Header Files</Filter>
    </ClInclude>
    <ClInclude Include="Engine\Input\InputManager.h">
      <Filter>Header Files</Filter>
    </ClInclude>
    <ClInclude Include="Engine\Window\Window.h">
      <Filter>Header Files</Filter>
    </ClInclude>
    <ClInclude Include="Engine\src\pch.h">
      <Filter>Header Files</Filter>
    </ClInclude>
    <ClInclude Include="Engine\src\PrimativeTypes.h">
      <Filter>Header Files</Filter>
    </ClInclude>
    <ClInclude Include="Engine\src\wip.h">
      <Filter>Header Files</Filter>
    </ClInclude>
    <ClInclude Include="Engine\Scene\SceneManager.h">
      <Filter>Header Files</Filter>
    </ClInclude>
    <ClInclude Include="Engine\Scene\Scene.h">
      <Filter>Header Files</Filter>
    </ClInclude>
    <ClInclude Include="Engine\src\Memory.h">
      <Filter>Header Files</Filter>
    </ClInclude>
    <ClInclude Include="Engine\ECS\Entity.h">
      <Filter>Header Files</Filter>
    </ClInclude>
    <ClInclude Include="Engine\Graphics\Renderer\Shader.h">
      <Filter>Header Files</Filter>
    </ClInclude>
    <ClInclude Include="Engine\Camera\Camera.h">
      <Filter>Header Files</Filter>
    </ClInclude>
    <ClInclude Include="Engine\ECS\IComponent.h">
      <Filter>Header Files</Filter>
    </ClInclude>
    <ClInclude Include="Engine\ECS\SpriteRenderer.h">
      <Filter>Header Files</Filter>
    </ClInclude>
    <ClInclude Include="Game\src\Application.h">
      <Filter>Header Files</Filter>
    </ClInclude>
    <ClInclude Include="Engine\Graphics\Texture\Texture.h">
      <Filter>Header Files</Filter>
    </ClInclude>
    <ClInclude Include="deps\include\stb_image\stb_image.h">
      <Filter>Header Files</Filter>
    </ClInclude>
    <ClInclude Include="Engine\Graphics\Renderer\IndexBuffer.h">
      <Filter>Header Files</Filter>
    </ClInclude>
    <ClInclude Include="Engine\Graphics\Renderer\VertexBuffer.h">
      <Filter>Header Files</Filter>
    </ClInclude>
    <ClInclude Include="Engine\Graphics\Renderer\RendererManager.h">
      <Filter>Header Files</Filter>
    </ClInclude>
    <ClInclude Include="Engine\ECS\Transform.h">
      <Filter>Header Files</Filter>
    </ClInclude>
    <ClInclude Include="Engine\ECS\ComponentTypes.h">
      <Filter>Header Files</Filter>
    </ClInclude>
    <ClInclude Include="Engine\ECS\BoxCollider.h">
      <Filter>Header Files</Filter>
    </ClInclude>
    <ClInclude Include="Engine\Collision\CollisionManager.h">
      <Filter>Header Files</Filter>
    </ClInclude>
    <ClInclude Include="Engine\Utilities\Utils.h">
      <Filter>Header Files</Filter>
    </ClInclude>
    <ClInclude Include="Engine\Input\InputKeyCodes.h">
      <Filter>Header Files</Filter>
    </ClInclude>
    <ClInclude Include="Engine\Time\Time.h">
      <Filter>Header Files</Filter>
    </ClInclude>
    <ClInclude Include="Engine\IO\IOManager.h">
      <Filter>Header Files</Filter>
    </ClInclude>
    <ClInclude Include="Game\Levels\Levels.h">
      <Filter>Header Files</Filter>
    </ClInclude>
    <ClInclude Include="Game\Player\Player.h">
      <Filter>Header Files</Filter>
    </ClInclude>
    <ClInclude Include="Game\Bullet\BulletManager.h">
      <Filter>Header Files</Filter>
    </ClInclude>
    <ClInclude Include="Game\Bullet\Bullet.h">
      <Filter>Header Files</Filter>
    </ClInclude>
    <ClInclude Include="Engine\Graphics\Texture\TextureManager.h">
      <Filter>Header Files</Filter>
    </ClInclude>
    <ClInclude Include="Game\Zombie\Zombie.h">
      <Filter>Header Files</Filter>
    </ClInclude>
    <ClInclude Include="Engine\Graphics\Renderer\Vertex.h">
      <Filter>Header Files</Filter>
    </ClInclude>
    <ClInclude Include="Engine\Graphics\Renderer\VertexArray.h">
      <Filter>Header Files</Filter>
    </ClInclude>
    <ClInclude Include="Engine\Time\Timer.h">
      <Filter>Header Files</Filter>
    </ClInclude>
    <ClInclude Include="Engine\Collision\ICollision.h">
      <Filter>Header Files</Filter>
    </ClInclude>
    <ClInclude Include="Engine\ECS\AI.h">
      <Filter>Header Files</Filter>
    </ClInclude>
    <ClInclude Include="Engine\ECS\ComponentManager.h">
      <Filter>Header Files</Filter>
    </ClInclude>
    <ClInclude Include="Engine\FSM\IState.h">
      <Filter>Header Files</Filter>
    </ClInclude>
    <ClInclude Include="Engine\Pathfinding\AIManager.h">
      <Filter>Header Files</Filter>
    </ClInclude>
    <ClInclude Include="Engine\Pathfinding\Node.h">
      <Filter>Header Files</Filter>
    </ClInclude>
    <ClInclude Include="Engine\Pathfinding\Path.h">
      <Filter>Header Files</Filter>
    </ClInclude>
    <ClInclude Include="Engine\Utilities\Heap.h">
      <Filter>Header Files</Filter>
    </ClInclude>
    <ClInclude Include="Engine\FSM\StateMachineManager.h">
      <Filter>Header Files</Filter>
    </ClInclude>
    <ClInclude Include="Engine\FSM\IStateMachine.h">
      <Filter>Header Files</Filter>
    </ClInclude>
    <ClInclude Include="Engine\ECS\NavBlock.h">
      <Filter>Header Files</Filter>
    </ClInclude>
    <ClInclude Include="Engine\Pathfinding\PathfindingManager.h">
      <Filter>Header Files</Filter>
    </ClInclude>
    <ClInclude Include="Engine\Pathfinding\NavMesh.h">
      <Filter>Header Files</Filter>
    </ClInclude>
    <ClInclude Include="Game\Gun\Gun.h">
      <Filter>Header Files</Filter>
    </ClInclude>
    <ClInclude Include="Engine\Collision\CollisionCallback.h">
      <Filter>Header Files</Filter>
    </ClInclude>
    <ClInclude Include="Engine\Collision\CollisionCallbackManager.h">
      <Filter>Header Files</Filter>
    </ClInclude>
    <ClInclude Include="Engine\ECS\CapsuleCollider.h">
      <Filter>Header Files</Filter>
    </ClInclude>
    <ClInclude Include="Game\Door\DoorTrigger.h">
      <Filter>Header Files</Filter>
    </ClInclude>
    <ClInclude Include="Game\Door\Door.h">
      <Filter>Header Files</Filter>
    </ClInclude>
    <ClInclude Include="Game\Door\DoorManager.h">
      <Filter>Header Files</Filter>
    </ClInclude>
    <ClInclude Include="Engine\Collision\CollisionBodyDetails.h">
      <Filter>Header Files</Filter>
    </ClInclude>
    <ClInclude Include="Engine\ECS\CircleCollider.h">
      <Filter>Header Files</Filter>
    </ClInclude>
    <ClInclude Include="Engine\ECS\Animation.h">
      <Filter>Header Files</Filter>
    </ClInclude>
    <ClInclude Include="Engine\Animation\AnimationManager.h">
      <Filter>Header Files</Filter>
    </ClInclude>
    <ClInclude Include="Engine\ECS\Audio.h">
      <Filter>Header Files</Filter>
    </ClInclude>
    <ClInclude Include="Engine\Audio\AudioManager.h">
      <Filter>Header Files</Filter>
    </ClInclude>
    <ClInclude Include="Engine\Audio\SoundEffect.h">
      <Filter>Header Files</Filter>
    </ClInclude>
    <ClInclude Include="Engine\ECS\Impulse.h">
      <Filter>Header Files</Filter>
    </ClInclude>
    <ClInclude Include="Engine\Random\Random.h">
      <Filter>Header Files</Filter>
    </ClInclude>
    <ClInclude Include="Game\EnemyManager\EnemyManager.h">
      <Filter>Header Files</Filter>
    </ClInclude>
    <ClInclude Include="Game\Player\PlayerStates.h">
      <Filter>Header Files</Filter>
    </ClInclude>
    <ClInclude Include="Game\Player\PlayerStateManager.h">
      <Filter>Header Files</Filter>
    </ClInclude>
    <ClInclude Include="Engine\ECS\ParticleEmission.h">
      <Filter>Header Files</Filter>
    </ClInclude>
    <ClInclude Include="Engine\ParticleSystem\ParticleManager.h">
      <Filter>Header Files</Filter>
    </ClInclude>
    <ClInclude Include="Engine\ECS\EntityManager.h">
      <Filter>Header Files</Filter>
    </ClInclude>
    <ClInclude Include="Engine\ECS\UiSprite.h">
      <Filter>Header Files</Filter>
    </ClInclude>
    <ClInclude Include="Engine\UI\UiManager.h">
      <Filter>Header Files</Filter>
    </ClInclude>
    <ClInclude Include="Engine\ECS\AnchorPoints.h">
      <Filter>Header Files</Filter>
    </ClInclude>
    <ClInclude Include="Engine\ECS\UiButton.h">
      <Filter>Header Files</Filter>
    </ClInclude>
    <ClInclude Include="Game\Challenges\ChallengeParent.h">
      <Filter>Header Files</Filter>
    </ClInclude>
    <ClInclude Include="Game\Challenges\ChallengeManager.h">
      <Filter>Header Files</Filter>
    </ClInclude>
    <ClInclude Include="Game\Challenges\WaveDefence.h">
      <Filter>Header Files</Filter>
    </ClInclude>
    <ClInclude Include="Game\UIManager\GameUIManager.h">
      <Filter>Header Files</Filter>
    </ClInclude>
    <ClInclude Include="Game\Challenges\Survive.h">
      <Filter>Header Files</Filter>
    </ClInclude>
  </ItemGroup>
  <ItemGroup>
    <None Include="Assets\Shader\shader.frag" />
    <None Include="Assets\Shader\shader.vert" />
    <None Include="Assets\Levels\NOLAGROOM.csv" />
    <None Include="Assets\Levels\TestRoom.csv" />
    <None Include="Assets\Shader\light.frag" />
    <None Include="Assets\Shader\light.vert" />
    <None Include="Assets\Shader\particleShader.frag" />
    <None Include="Assets\Shader\particleShader.vert" />
    <None Include="Assets\Levels\Theatre.csv" />
    <None Include="Assets\Levels\Vault.csv" />
    <None Include="Assets\Levels\NotSoEmptyLab.csv" />
  </ItemGroup>
  <ItemGroup>
    <Image Include="Assets\Texture\Back left wall.png">
      <Filter>Resource Files</Filter>
    </Image>
    <Image Include="Assets\Texture\Back right wall.png">
      <Filter>Resource Files</Filter>
    </Image>
    <Image Include="Assets\Texture\Back wall.png">
      <Filter>Resource Files</Filter>
    </Image>
    <Image Include="Assets\Texture\Blank.png">
      <Filter>Resource Files</Filter>
    </Image>
    <Image Include="Assets\Texture\Bullet.png">
      <Filter>Resource Files</Filter>
    </Image>
    <Image Include="Assets\Texture\circ.png">
      <Filter>Resource Files</Filter>
    </Image>
    <Image Include="Assets\Texture\Door.png">
      <Filter>Resource Files</Filter>
    </Image>
    <Image Include="Assets\Texture\Floor.png">
      <Filter>Resource Files</Filter>
    </Image>
    <Image Include="Assets\Texture\Front left wall.png">
      <Filter>Resource Files</Filter>
    </Image>
    <Image Include="Assets\Texture\Front right wall.png">
      <Filter>Resource Files</Filter>
    </Image>
    <Image Include="Assets\Texture\Front wall.png">
      <Filter>Resource Files</Filter>
    </Image>
    <Image Include="Assets\Texture\Inv back left wall.png">
      <Filter>Resource Files</Filter>
    </Image>
    <Image Include="Assets\Texture\Inv back right wall.png">
      <Filter>Resource Files</Filter>
    </Image>
    <Image Include="Assets\Texture\Inv front left wall.png">
      <Filter>Resource Files</Filter>
    </Image>
    <Image Include="Assets\Texture\Inv front right wall.png">
      <Filter>Resource Files</Filter>
    </Image>
    <Image Include="Assets\Texture\Left wall.png">
      <Filter>Resource Files</Filter>
    </Image>
    <Image Include="Assets\Texture\Open Door.png">
      <Filter>Resource Files</Filter>
    </Image>
    <Image Include="Assets\Texture\Right wall.png">
      <Filter>Resource Files</Filter>
    </Image>
    <Image Include="Assets\Texture\square.png">
      <Filter>Resource Files</Filter>
    </Image>
    <Image Include="Assets\Texture\squareWITHANF!!.png">
      <Filter>Resource Files</Filter>
    </Image>
    <Image Include="Assets\Texture\squareWITHAW!!.png">
      <Filter>Resource Files</Filter>
    </Image>
    <Image Include="Assets\Texture\dbg\dbg_box.png">
      <Filter>Resource Files</Filter>
    </Image>
    <Image Include="Assets\Texture\dbg\no_texture.png">
      <Filter>Resource Files</Filter>
    </Image>
    <Image Include="Assets\Texture\green.png">
      <Filter>Resource Files</Filter>
    </Image>
    <Image Include="Assets\Assets\Texture\Back left wall.png">
      <Filter>Resource Files</Filter>
    </Image>
    <Image Include="Assets\Assets\Texture\Back right wall.png">
      <Filter>Resource Files</Filter>
    </Image>
    <Image Include="Assets\Assets\Texture\Back wall.png">
      <Filter>Resource Files</Filter>
    </Image>
    <Image Include="Assets\Assets\Texture\Blank.png">
      <Filter>Resource Files</Filter>
    </Image>
    <Image Include="Assets\Assets\Texture\Bullet.png">
      <Filter>Resource Files</Filter>
    </Image>
    <Image Include="Assets\Assets\Texture\circ.png">
      <Filter>Resource Files</Filter>
    </Image>
    <Image Include="Assets\Assets\Texture\dbg\dbg_box.png">
      <Filter>Resource Files</Filter>
    </Image>
    <Image Include="Assets\Assets\Texture\dbg\no_texture.png">
      <Filter>Resource Files</Filter>
    </Image>
    <Image Include="Assets\Assets\Texture\Door.png">
      <Filter>Resource Files</Filter>
    </Image>
    <Image Include="Assets\Assets\Texture\Floor.png">
      <Filter>Resource Files</Filter>
    </Image>
    <Image Include="Assets\Assets\Texture\Front left wall.png">
      <Filter>Resource Files</Filter>
    </Image>
    <Image Include="Assets\Assets\Texture\Front right wall.png">
      <Filter>Resource Files</Filter>
    </Image>
    <Image Include="Assets\Assets\Texture\Front wall.png">
      <Filter>Resource Files</Filter>
    </Image>
    <Image Include="Assets\Assets\Texture\green.png">
      <Filter>Resource Files</Filter>
    </Image>
    <Image Include="Assets\Assets\Texture\Inv back left wall.png">
      <Filter>Resource Files</Filter>
    </Image>
    <Image Include="Assets\Assets\Texture\Inv back right wall.png">
      <Filter>Resource Files</Filter>
    </Image>
    <Image Include="Assets\Assets\Texture\Inv front left wall.png">
      <Filter>Resource Files</Filter>
    </Image>
    <Image Include="Assets\Assets\Texture\Inv front right wall.png">
      <Filter>Resource Files</Filter>
    </Image>
    <Image Include="Assets\Assets\Texture\Left wall.png">
      <Filter>Resource Files</Filter>
    </Image>
    <Image Include="Assets\Assets\Texture\Open Door.png">
      <Filter>Resource Files</Filter>
    </Image>
    <Image Include="Assets\Assets\Texture\Right wall.png">
      <Filter>Resource Files</Filter>
    </Image>
    <Image Include="Assets\Assets\Texture\square.png">
      <Filter>Resource Files</Filter>
    </Image>
    <Image Include="Assets\Assets\Texture\squareWITHANF!!.png">
      <Filter>Resource Files</Filter>
    </Image>
    <Image Include="Assets\Assets\Texture\squareWITHAW!!.png">
      <Filter>Resource Files</Filter>
    </Image>
    <Image Include="Assets\Texture\Scientist.png">
      <Filter>Resource Files</Filter>
    </Image>
    <Image Include="Assets\Texture\Weapons\Bowie Knife.png">
      <Filter>Resource Files</Filter>
    </Image>
    <Image Include="Assets\Texture\Barricaded door.png">
      <Filter>Resource Files</Filter>
    </Image>
    <Image Include="Assets\Texture\DoggoZomb.png">
      <Filter>Resource Files</Filter>
    </Image>
    <Image Include="Assets\Texture\RoboDoggoZomb.png">
      <Filter>Resource Files</Filter>
    </Image>
    <Image Include="Assets\Texture\RoboZomb.png">
      <Filter>Resource Files</Filter>
    </Image>
    <Image Include="Assets\Texture\Scientist_Gun_Hold.png">
      <Filter>Resource Files</Filter>
    </Image>
    <Image Include="Assets\Texture\Zomb.png">
      <Filter>Resource Files</Filter>
    </Image>
  </ItemGroup>
</Project>